
Microsoft Visual Studio Solution File, Format Version 12.00
# Visual Studio Version 17
VisualStudioVersion = 17.5.33402.96
MinimumVisualStudioVersion = 10.0.40219.1
Project("{54A90642-561A-4BB1-A94E-469ADEE60C69}") = "bionicreader", "bionicreader.esproj", "{BFA08995-A649-463E-8D4B-6AAEA7FBAB61}"
EndProject
Global
	GlobalSection(SolutionConfigurationPlatforms) = preSolution
		Debug|Any CPU = Debug|Any CPU
		Release|Any CPU = Release|Any CPU
	EndGlobalSection
	GlobalSection(ProjectConfigurationPlatforms) = postSolution
		{BFA08995-A649-463E-8D4B-6AAEA7FBAB61}.Debug|Any CPU.ActiveCfg = Debug|Any CPU
		{BFA08995-A649-463E-8D4B-6AAEA7FBAB61}.Debug|Any CPU.Build.0 = Debug|Any CPU
		{BFA08995-A649-463E-8D4B-6AAEA7FBAB61}.Debug|Any CPU.Deploy.0 = Debug|Any CPU
		{BFA08995-A649-463E-8D4B-6AAEA7FBAB61}.Release|Any CPU.ActiveCfg = Release|Any CPU
		{BFA08995-A649-463E-8D4B-6AAEA7FBAB61}.Release|Any CPU.Build.0 = Release|Any CPU
		{BFA08995-A649-463E-8D4B-6AAEA7FBAB61}.Release|Any CPU.Deploy.0 = Release|Any CPU
	EndGlobalSection
	GlobalSection(SolutionProperties) = preSolution
		HideSolutionNode = FALSE
	EndGlobalSection
	GlobalSection(ExtensibilityGlobals) = postSolution
		SolutionGuid = {1EB6D61D-6696-4B2C-A85A-6591D4391316}
	EndGlobalSection
EndGlobal
